// !$*UTF8*$!
{
	archiveVersion = 1;
	classes = {
	};
	objectVersion = 46;
	objects = {

/* Begin PBXBuildFile section */
		90EA039D1C87372A005E4FBB /* AppDelegate.swift in Sources */ = {isa = PBXBuildFile; fileRef = 90EA039C1C87372A005E4FBB /* AppDelegate.swift */; };
		90EA039F1C87372A005E4FBB /* GameScene.sks in Resources */ = {isa = PBXBuildFile; fileRef = 90EA039E1C87372A005E4FBB /* GameScene.sks */; };
		90EA03A11C87372A005E4FBB /* GameScene.swift in Sources */ = {isa = PBXBuildFile; fileRef = 90EA03A01C87372A005E4FBB /* GameScene.swift */; };
		90EA03A31C87372A005E4FBB /* GameViewController.swift in Sources */ = {isa = PBXBuildFile; fileRef = 90EA03A21C87372A005E4FBB /* GameViewController.swift */; };
		90EA03A61C87372A005E4FBB /* Main.storyboard in Resources */ = {isa = PBXBuildFile; fileRef = 90EA03A41C87372A005E4FBB /* Main.storyboard */; };
		90EA03A81C87372A005E4FBB /* Assets.xcassets in Resources */ = {isa = PBXBuildFile; fileRef = 90EA03A71C87372A005E4FBB /* Assets.xcassets */; };
		90EA03AB1C87372A005E4FBB /* LaunchScreen.storyboard in Resources */ = {isa = PBXBuildFile; fileRef = 90EA03A91C87372A005E4FBB /* LaunchScreen.storyboard */; };
		90EA03B61C87372A005E4FBB /* FirstSwiftGameTests.swift in Sources */ = {isa = PBXBuildFile; fileRef = 90EA03B51C87372A005E4FBB /* FirstSwiftGameTests.swift */; };
		90EA03C11C87372B005E4FBB /* FirstSwiftGameUITests.swift in Sources */ = {isa = PBXBuildFile; fileRef = 90EA03C01C87372B005E4FBB /* FirstSwiftGameUITests.swift */; };
/* End PBXBuildFile section */

/* Begin PBXContainerItemProxy section */
		90EA03B21C87372A005E4FBB /* PBXContainerItemProxy */ = {
			isa = PBXContainerItemProxy;
			containerPortal = 90EA03911C87372A005E4FBB /* Project object */;
			proxyType = 1;
			remoteGlobalIDString = 90EA03981C87372A005E4FBB;
			remoteInfo = FirstSwiftGame;
		};
		90EA03BD1C87372A005E4FBB /* PBXContainerItemProxy */ = {
			isa = PBXContainerItemProxy;
			containerPortal = 90EA03911C87372A005E4FBB /* Project object */;
			proxyType = 1;
			remoteGlobalIDString = 90EA03981C87372A005E4FBB;
			remoteInfo = FirstSwiftGame;
		};
/* End PBXContainerItemProxy section */

/* Begin PBXFileReference section */
		90EA03991C87372A005E4FBB /* FirstSwiftGame.app */ = {isa = PBXFileReference; explicitFileType = wrapper.application; includeInIndex = 0; path = FirstSwiftGame.app; sourceTree = BUILT_PRODUCTS_DIR; };
		90EA039C1C87372A005E4FBB /* AppDelegate.swift */ = {isa = PBXFileReference; lastKnownFileType = sourcecode.swift; path = AppDelegate.swift; sourceTree = "<group>"; };
		90EA039E1C87372A005E4FBB /* GameScene.sks */ = {isa = PBXFileReference; lastKnownFileType = file.sks; path = GameScene.sks; sourceTree = "<group>"; };
		90EA03A01C87372A005E4FBB /* GameScene.swift */ = {isa = PBXFileReference; lastKnownFileType = sourcecode.swift; path = GameScene.swift; sourceTree = "<group>"; };
		90EA03A21C87372A005E4FBB /* GameViewController.swift */ = {isa = PBXFileReference; lastKnownFileType = sourcecode.swift; path = GameViewController.swift; sourceTree = "<group>"; };
		90EA03A51C87372A005E4FBB /* Base */ = {isa = PBXFileReference; lastKnownFileType = file.storyboard; name = Base; path = Base.lproj/Main.storyboard; sourceTree = "<group>"; };
		90EA03A71C87372A005E4FBB /* Assets.xcassets */ = {isa = PBXFileReference; lastKnownFileType = folder.assetcatalog; path = Assets.xcassets; sourceTree = "<group>"; };
		90EA03AA1C87372A005E4FBB /* Base */ = {isa = PBXFileReference; lastKnownFileType = file.storyboard; name = Base; path = Base.lproj/LaunchScreen.storyboard; sourceTree = "<group>"; };
		90EA03AC1C87372A005E4FBB /* Info.plist */ = {isa = PBXFileReference; lastKnownFileType = text.plist.xml; path = Info.plist; sourceTree = "<group>"; };
		90EA03B11C87372A005E4FBB /* FirstSwiftGameTests.xctest */ = {isa = PBXFileReference; explicitFileType = wrapper.cfbundle; includeInIndex = 0; path = FirstSwiftGameTests.xctest; sourceTree = BUILT_PRODUCTS_DIR; };
		90EA03B51C87372A005E4FBB /* FirstSwiftGameTests.swift */ = {isa = PBXFileReference; lastKnownFileType = sourcecode.swift; path = FirstSwiftGameTests.swift; sourceTree = "<group>"; };
		90EA03B71C87372A005E4FBB /* Info.plist */ = {isa = PBXFileReference; lastKnownFileType = text.plist.xml; path = Info.plist; sourceTree = "<group>"; };
		90EA03BC1C87372A005E4FBB /* FirstSwiftGameUITests.xctest */ = {isa = PBXFileReference; explicitFileType = wrapper.cfbundle; includeInIndex = 0; path = FirstSwiftGameUITests.xctest; sourceTree = BUILT_PRODUCTS_DIR; };
		90EA03C01C87372B005E4FBB /* FirstSwiftGameUITests.swift */ = {isa = PBXFileReference; lastKnownFileType = sourcecode.swift; path = FirstSwiftGameUITests.swift; sourceTree = "<group>"; };
		90EA03C21C87372B005E4FBB /* Info.plist */ = {isa = PBXFileReference; lastKnownFileType = text.plist.xml; path = Info.plist; sourceTree = "<group>"; };
/* End PBXFileReference section */

/* Begin PBXFrameworksBuildPhase section */
		90EA03961C87372A005E4FBB /* Frameworks */ = {
			isa = PBXFrameworksBuildPhase;
			buildActionMask = 2147483647;
			files = (
			);
			runOnlyForDeploymentPostprocessing = 0;
		};
		90EA03AE1C87372A005E4FBB /* Frameworks */ = {
			isa = PBXFrameworksBuildPhase;
			buildActionMask = 2147483647;
			files = (
			);
			runOnlyForDeploymentPostprocessing = 0;
		};
		90EA03B91C87372A005E4FBB /* Frameworks */ = {
			isa = PBXFrameworksBuildPhase;
			buildActionMask = 2147483647;
			files = (
			);
			runOnlyForDeploymentPostprocessing = 0;
		};
/* End PBXFrameworksBuildPhase section */

/* Begin PBXGroup section */
		90EA03901C87372A005E4FBB = {
			isa = PBXGroup;
			children = (
				90EA039B1C87372A005E4FBB /* FirstSwiftGame */,
				90EA03B41C87372A005E4FBB /* FirstSwiftGameTests */,
				90EA03BF1C87372A005E4FBB /* FirstSwiftGameUITests */,
				90EA039A1C87372A005E4FBB /* Products */,
			);
			sourceTree = "<group>";
		};
		90EA039A1C87372A005E4FBB /* Products */ = {
			isa = PBXGroup;
			children = (
				90EA03991C87372A005E4FBB /* FirstSwiftGame.app */,
				90EA03B11C87372A005E4FBB /* FirstSwiftGameTests.xctest */,
				90EA03BC1C87372A005E4FBB /* FirstSwiftGameUITests.xctest */,
			);
			name = Products;
			sourceTree = "<group>";
		};
		90EA039B1C87372A005E4FBB /* FirstSwiftGame */ = {
			isa = PBXGroup;
			children = (
				90EA039C1C87372A005E4FBB /* AppDelegate.swift */,
				90EA039E1C87372A005E4FBB /* GameScene.sks */,
				90EA03A01C87372A005E4FBB /* GameScene.swift */,
				90EA03A21C87372A005E4FBB /* GameViewController.swift */,
				90EA03A41C87372A005E4FBB /* Main.storyboard */,
				90EA03A71C87372A005E4FBB /* Assets.xcassets */,
				90EA03A91C87372A005E4FBB /* LaunchScreen.storyboard */,
				90EA03AC1C87372A005E4FBB /* Info.plist */,
			);
			path = FirstSwiftGame;
			sourceTree = "<group>";
		};
		90EA03B41C87372A005E4FBB /* FirstSwiftGameTests */ = {
			isa = PBXGroup;
			children = (
				90EA03B51C87372A005E4FBB /* FirstSwiftGameTests.swift */,
				90EA03B71C87372A005E4FBB /* Info.plist */,
			);
			path = FirstSwiftGameTests;
			sourceTree = "<group>";
		};
		90EA03BF1C87372A005E4FBB /* FirstSwiftGameUITests */ = {
			isa = PBXGroup;
			children = (
				90EA03C01C87372B005E4FBB /* FirstSwiftGameUITests.swift */,
				90EA03C21C87372B005E4FBB /* Info.plist */,
			);
			path = FirstSwiftGameUITests;
			sourceTree = "<group>";
		};
/* End PBXGroup section */

/* Begin PBXNativeTarget section */
		90EA03981C87372A005E4FBB /* FirstSwiftGame */ = {
			isa = PBXNativeTarget;
			buildConfigurationList = 90EA03C51C87372B005E4FBB /* Build configuration list for PBXNativeTarget "FirstSwiftGame" */;
			buildPhases = (
				90EA03951C87372A005E4FBB /* Sources */,
				90EA03961C87372A005E4FBB /* Frameworks */,
				90EA03971C87372A005E4FBB /* Resources */,
			);
			buildRules = (
			);
			dependencies = (
			);
			name = FirstSwiftGame;
			productName = FirstSwiftGame;
			productReference = 90EA03991C87372A005E4FBB /* FirstSwiftGame.app */;
			productType = "com.apple.product-type.application";
		};
		90EA03B01C87372A005E4FBB /* FirstSwiftGameTests */ = {
			isa = PBXNativeTarget;
			buildConfigurationList = 90EA03C81C87372B005E4FBB /* Build configuration list for PBXNativeTarget "FirstSwiftGameTests" */;
			buildPhases = (
				90EA03AD1C87372A005E4FBB /* Sources */,
				90EA03AE1C87372A005E4FBB /* Frameworks */,
				90EA03AF1C87372A005E4FBB /* Resources */,
			);
			buildRules = (
			);
			dependencies = (
				90EA03B31C87372A005E4FBB /* PBXTargetDependency */,
			);
			name = FirstSwiftGameTests;
			productName = FirstSwiftGameTests;
			productReference = 90EA03B11C87372A005E4FBB /* FirstSwiftGameTests.xctest */;
			productType = "com.apple.product-type.bundle.unit-test";
		};
		90EA03BB1C87372A005E4FBB /* FirstSwiftGameUITests */ = {
			isa = PBXNativeTarget;
			buildConfigurationList = 90EA03CB1C87372B005E4FBB /* Build configuration list for PBXNativeTarget "FirstSwiftGameUITests" */;
			buildPhases = (
				90EA03B81C87372A005E4FBB /* Sources */,
				90EA03B91C87372A005E4FBB /* Frameworks */,
				90EA03BA1C87372A005E4FBB /* Resources */,
			);
			buildRules = (
			);
			dependencies = (
				90EA03BE1C87372A005E4FBB /* PBXTargetDependency */,
			);
			name = FirstSwiftGameUITests;
			productName = FirstSwiftGameUITests;
			productReference = 90EA03BC1C87372A005E4FBB /* FirstSwiftGameUITests.xctest */;
			productType = "com.apple.product-type.bundle.ui-testing";
		};
/* End PBXNativeTarget section */

/* Begin PBXProject section */
		90EA03911C87372A005E4FBB /* Project object */ = {
			isa = PBXProject;
			attributes = {
				LastSwiftUpdateCheck = 0720;
				LastUpgradeCheck = 0720;
				ORGANIZATIONNAME = "周椿杰";
				TargetAttributes = {
					90EA03981C87372A005E4FBB = {
						CreatedOnToolsVersion = 7.2.1;
						DevelopmentTeam = LUCG367MSW;
					};
					90EA03B01C87372A005E4FBB = {
						CreatedOnToolsVersion = 7.2.1;
						DevelopmentTeam = LUCG367MSW;
						TestTargetID = 90EA03981C87372A005E4FBB;
					};
					90EA03BB1C87372A005E4FBB = {
						CreatedOnToolsVersion = 7.2.1;
						DevelopmentTeam = LUCG367MSW;
						TestTargetID = 90EA03981C87372A005E4FBB;
					};
				};
			};
			buildConfigurationList = 90EA03941C87372A005E4FBB /* Build configuration list for PBXProject "FirstSwiftGame" */;
			compatibilityVersion = "Xcode 3.2";
			developmentRegion = English;
			hasScannedForEncodings = 0;
			knownRegions = (
				en,
				Base,
			);
			mainGroup = 90EA03901C87372A005E4FBB;
			productRefGroup = 90EA039A1C87372A005E4FBB /* Products */;
			projectDirPath = "";
			projectRoot = "";
			targets = (
				90EA03981C87372A005E4FBB /* FirstSwiftGame */,
				90EA03B01C87372A005E4FBB /* FirstSwiftGameTests */,
				90EA03BB1C87372A005E4FBB /* FirstSwiftGameUITests */,
			);
		};
/* End PBXProject section */

/* Begin PBXResourcesBuildPhase section */
		90EA03971C87372A005E4FBB /* Resources */ = {
			isa = PBXResourcesBuildPhase;
			buildActionMask = 2147483647;
			files = (
				90EA039F1C87372A005E4FBB /* GameScene.sks in Resources */,
				90EA03AB1C87372A005E4FBB /* LaunchScreen.storyboard in Resources */,
				90EA03A81C87372A005E4FBB /* Assets.xcassets in Resources */,
				90EA03A61C87372A005E4FBB /* Main.storyboard in Resources */,
			);
			runOnlyForDeploymentPostprocessing = 0;
		};
		90EA03AF1C87372A005E4FBB /* Resources */ = {
			isa = PBXResourcesBuildPhase;
			buildActionMask = 2147483647;
			files = (
			);
			runOnlyForDeploymentPostprocessing = 0;
		};
		90EA03BA1C87372A005E4FBB /* Resources */ = {
			isa = PBXResourcesBuildPhase;
			buildActionMask = 2147483647;
			files = (
			);
			runOnlyForDeploymentPostprocessing = 0;
		};
/* End PBXResourcesBuildPhase section */

/* Begin PBXSourcesBuildPhase section */
		90EA03951C87372A005E4FBB /* Sources */ = {
			isa = PBXSourcesBuildPhase;
			buildActionMask = 2147483647;
			files = (
				90EA03A11C87372A005E4FBB /* GameScene.swift in Sources */,
				90EA03A31C87372A005E4FBB /* GameViewController.swift in Sources */,
				90EA039D1C87372A005E4FBB /* AppDelegate.swift in Sources */,
			);
			runOnlyForDeploymentPostprocessing = 0;
		};
		90EA03AD1C87372A005E4FBB /* Sources */ = {
			isa = PBXSourcesBuildPhase;
			buildActionMask = 2147483647;
			files = (
				90EA03B61C87372A005E4FBB /* FirstSwiftGameTests.swift in Sources */,
			);
			runOnlyForDeploymentPostprocessing = 0;
		};
		90EA03B81C87372A005E4FBB /* Sources */ = {
			isa = PBXSourcesBuildPhase;
			buildActionMask = 2147483647;
			files = (
				90EA03C11C87372B005E4FBB /* FirstSwiftGameUITests.swift in Sources */,
			);
			runOnlyForDeploymentPostprocessing = 0;
		};
/* End PBXSourcesBuildPhase section */

/* Begin PBXTargetDependency section */
		90EA03B31C87372A005E4FBB /* PBXTargetDependency */ = {
			isa = PBXTargetDependency;
			target = 90EA03981C87372A005E4FBB /* FirstSwiftGame */;
			targetProxy = 90EA03B21C87372A005E4FBB /* PBXContainerItemProxy */;
		};
		90EA03BE1C87372A005E4FBB /* PBXTargetDependency */ = {
			isa = PBXTargetDependency;
			target = 90EA03981C87372A005E4FBB /* FirstSwiftGame */;
			targetProxy = 90EA03BD1C87372A005E4FBB /* PBXContainerItemProxy */;
		};
/* End PBXTargetDependency section */

/* Begin PBXVariantGroup section */
		90EA03A41C87372A005E4FBB /* Main.storyboard */ = {
			isa = PBXVariantGroup;
			children = (
				90EA03A51C87372A005E4FBB /* Base */,
			);
			name = Main.storyboard;
			sourceTree = "<group>";
		};
		90EA03A91C87372A005E4FBB /* LaunchScreen.storyboard */ = {
			isa = PBXVariantGroup;
			children = (
				90EA03AA1C87372A005E4FBB /* Base */,
			);
			name = LaunchScreen.storyboard;
			sourceTree = "<group>";
		};
/* End PBXVariantGroup section */

/* Begin XCBuildConfiguration section */
		90EA03C31C87372B005E4FBB /* Debug */ = {
			isa = XCBuildConfiguration;
			buildSettings = {
				ALWAYS_SEARCH_USER_PATHS = NO;
				CLANG_CXX_LANGUAGE_STANDARD = "gnu++0x";
				CLANG_CXX_LIBRARY = "libc++";
				CLANG_ENABLE_MODULES = YES;
				CLANG_ENABLE_OBJC_ARC = YES;
				CLANG_WARN_BOOL_CONVERSION = YES;
				CLANG_WARN_CONSTANT_CONVERSION = YES;
				CLANG_WARN_DIRECT_OBJC_ISA_USAGE = YES_ERROR;
				CLANG_WARN_EMPTY_BODY = YES;
				CLANG_WARN_ENUM_CONVERSION = YES;
				CLANG_WARN_INT_CONVERSION = YES;
				CLANG_WARN_OBJC_ROOT_CLASS = YES_ERROR;
				CLANG_WARN_UNREACHABLE_CODE = YES;
				CLANG_WARN__DUPLICATE_METHOD_MATCH = YES;
				"CODE_SIGN_IDENTITY[sdk=iphoneos*]" = "iPhone Developer";
				COPY_PHASE_STRIP = NO;
				DEBUG_INFORMATION_FORMAT = "dwarf-with-dsym";
				ENABLE_STRICT_OBJC_MSGSEND = YES;
				ENABLE_TESTABILITY = YES;
				GCC_C_LANGUAGE_STANDARD = gnu99;
				GCC_DYNAMIC_NO_PIC = NO;
				GCC_NO_COMMON_BLOCKS = YES;
				GCC_OPTIMIZATION_LEVEL = 0;
				GCC_PREPROCESSOR_DEFINITIONS = (
					"DEBUG=1",
					"$(inherited)",
				);
				GCC_WARN_64_TO_32_BIT_CONVERSION = YES;
				GCC_WARN_ABOUT_RETURN_TYPE = YES_ERROR;
				GCC_WARN_UNDECLARED_SELECTOR = YES;
				GCC_WARN_UNINITIALIZED_AUTOS = YES_AGGRESSIVE;
				GCC_WARN_UNUSED_FUNCTION = YES;
				GCC_WARN_UNUSED_VARIABLE = YES;
				IPHONEOS_DEPLOYMENT_TARGET = 9.2;
				MTL_ENABLE_DEBUG_INFO = YES;
				ONLY_ACTIVE_ARCH = YES;
				SDKROOT = iphoneos;
				SWIFT_OPTIMIZATION_LEVEL = "-Onone";
			};
			name = Debug;
		};
		90EA03C41C87372B005E4FBB /* Release */ = {
			isa = XCBuildConfiguration;
			buildSettings = {
				ALWAYS_SEARCH_USER_PATHS = NO;
				CLANG_CXX_LANGUAGE_STANDARD = "gnu++0x";
				CLANG_CXX_LIBRARY = "libc++";
				CLANG_ENABLE_MODULES = YES;
				CLANG_ENABLE_OBJC_ARC = YES;
				CLANG_WARN_BOOL_CONVERSION = YES;
				CLANG_WARN_CONSTANT_CONVERSION = YES;
				CLANG_WARN_DIRECT_OBJC_ISA_USAGE = YES_ERROR;
				CLANG_WARN_EMPTY_BODY = YES;
				CLANG_WARN_ENUM_CONVERSION = YES;
				CLANG_WARN_INT_CONVERSION = YES;
				CLANG_WARN_OBJC_ROOT_CLASS = YES_ERROR;
				CLANG_WARN_UNREACHABLE_CODE = YES;
				CLANG_WARN__DUPLICATE_METHOD_MATCH = YES;
				"CODE_SIGN_IDENTITY[sdk=iphoneos*]" = "iPhone Developer";
				COPY_PHASE_STRIP = NO;
				DEBUG_INFORMATION_FORMAT = "dwarf-with-dsym";
				ENABLE_NS_ASSERTIONS = NO;
				ENABLE_STRICT_OBJC_MSGSEND = YES;
				GCC_C_LANGUAGE_STANDARD = gnu99;
				GCC_NO_COMMON_BLOCKS = YES;
				GCC_WARN_64_TO_32_BIT_CONVERSION = YES;
				GCC_WARN_ABOUT_RETURN_TYPE = YES_ERROR;
				GCC_WARN_UNDECLARED_SELECTOR = YES;
				GCC_WARN_UNINITIALIZED_AUTOS = YES_AGGRESSIVE;
				GCC_WARN_UNUSED_FUNCTION = YES;
				GCC_WARN_UNUSED_VARIABLE = YES;
				IPHONEOS_DEPLOYMENT_TARGET = 9.2;
				MTL_ENABLE_DEBUG_INFO = NO;
				SDKROOT = iphoneos;
				VALIDATE_PRODUCT = YES;
			};
			name = Release;
		};
		90EA03C61C87372B005E4FBB /* Debug */ = {
			isa = XCBuildConfiguration;
			buildSettings = {
				ASSETCATALOG_COMPILER_APPICON_NAME = AppIcon;
				INFOPLIST_FILE = FirstSwiftGame/Info.plist;
				LD_RUNPATH_SEARCH_PATHS = "$(inherited) @executable_path/Frameworks";
				PRODUCT_BUNDLE_IDENTIFIER = com.leozhou.FirstSwiftGame;
				PRODUCT_NAME = "$(TARGET_NAME)";
			};
			name = Debug;
		};
		90EA03C71C87372B005E4FBB /* Release */ = {
			isa = XCBuildConfiguration;
			buildSettings = {
				ASSETCATALOG_COMPILER_APPICON_NAME = AppIcon;
				INFOPLIST_FILE = FirstSwiftGame/Info.plist;
				LD_RUNPATH_SEARCH_PATHS = "$(inherited) @executable_path/Frameworks";
				PRODUCT_BUNDLE_IDENTIFIER = com.leozhou.FirstSwiftGame;
				PRODUCT_NAME = "$(TARGET_NAME)";
			};
			name = Release;
		};
		90EA03C91C87372B005E4FBB /* Debug */ = {
			isa = XCBuildConfiguration;
			buildSettings = {
				BUNDLE_LOADER = "$(TEST_HOST)";
				DEBUG_INFORMATION_FORMAT = dwarf;
				INFOPLIST_FILE = FirstSwiftGameTests/Info.plist;
				LD_RUNPATH_SEARCH_PATHS = "$(inherited) @executable_path/Frameworks @loader_path/Frameworks";
				PRODUCT_BUNDLE_IDENTIFIER = com.leozhou.FirstSwiftGameTests;
				PRODUCT_NAME = "$(TARGET_NAME)";
				TEST_HOST = "$(BUILT_PRODUCTS_DIR)/FirstSwiftGame.app/FirstSwiftGame";
			};
			name = Debug;
		};
		90EA03CA1C87372B005E4FBB /* Release */ = {
			isa = XCBuildConfiguration;
			buildSettings = {
				BUNDLE_LOADER = "$(TEST_HOST)";
				INFOPLIST_FILE = FirstSwiftGameTests/Info.plist;
				LD_RUNPATH_SEARCH_PATHS = "$(inherited) @executable_path/Frameworks @loader_path/Frameworks";
				PRODUCT_BUNDLE_IDENTIFIER = com.leozhou.FirstSwiftGameTests;
				PRODUCT_NAME = "$(TARGET_NAME)";
				TEST_HOST = "$(BUILT_PRODUCTS_DIR)/FirstSwiftGame.app/FirstSwiftGame";
			};
			name = Release;
		};
		90EA03CC1C87372B005E4FBB /* Debug */ = {
			isa = XCBuildConfiguration;
			buildSettings = {
				DEBUG_INFORMATION_FORMAT = dwarf;
				INFOPLIST_FILE = FirstSwiftGameUITests/Info.plist;
				LD_RUNPATH_SEARCH_PATHS = "$(inherited) @executable_path/Frameworks @loader_path/Frameworks";
				PRODUCT_BUNDLE_IDENTIFIER = com.leozhou.FirstSwiftGameUITests;
				PRODUCT_NAME = "$(TARGET_NAME)";
				TEST_TARGET_NAME = FirstSwiftGame;
				USES_XCTRUNNER = YES;
			};
			name = Debug;
		};
		90EA03CD1C87372B005E4FBB /* Release */ = {
			isa = XCBuildConfiguration;
			buildSettings = {
				INFOPLIST_FILE = FirstSwiftGameUITests/Info.plist;
				LD_RUNPATH_SEARCH_PATHS = "$(inherited) @executable_path/Frameworks @loader_path/Frameworks";
				PRODUCT_BUNDLE_IDENTIFIER = com.leozhou.FirstSwiftGameUITests;
				PRODUCT_NAME = "$(TARGET_NAME)";
				TEST_TARGET_NAME = FirstSwiftGame;
				USES_XCTRUNNER = YES;
			};
			name = Release;
		};
/* End XCBuildConfiguration section */

/* Begin XCConfigurationList section */
		90EA03941C87372A005E4FBB /* Build configuration list for PBXProject "FirstSwiftGame" */ = {
			isa = XCConfigurationList;
			buildConfigurations = (
				90EA03C31C87372B005E4FBB /* Debug */,
				90EA03C41C87372B005E4FBB /* Release */,
			);
			defaultConfigurationIsVisible = 0;
			defaultConfigurationName = Release;
		};
		90EA03C51C87372B005E4FBB /* Build configuration list for PBXNativeTarget "FirstSwiftGame" */ = {
			isa = XCConfigurationList;
			buildConfigurations = (
				90EA03C61C87372B005E4FBB /* Debug */,
				90EA03C71C87372B005E4FBB /* Release */,
			);
			defaultConfigurationIsVisible = 0;
		};
		90EA03C81C87372B005E4FBB /* Build configuration list for PBXNativeTarget "FirstSwiftGameTests" */ = {
			isa = XCConfigurationList;
			buildConfigurations = (
				90EA03C91C87372B005E4FBB /* Debug */,
				90EA03CA1C87372B005E4FBB /* Release */,
			);
			defaultConfigurationIsVisible = 0;
		};
		90EA03CB1C87372B005E4FBB /* Build configuration list for PBXNativeTarget "FirstSwiftGameUITests" */ = {
			isa = XCConfigurationList;
			buildConfigurations = (
				90EA03CC1C87372B005E4FBB /* Debug */,
				90EA03CD1C87372B005E4FBB /* Release */,
			);
			defaultConfigurationIsVisible = 0;
		};
/* End XCConfigurationList section */
	};
	rootObject = 90EA03911C87372A005E4FBB /* Project object */;
}
